lockfileVersion: '9.0'

settings:
  autoInstallPeers: true
  excludeLinksFromLockfile: false

importers:

  .: {}

  packages/branch-a:
    dependencies:
      '@copy-repro/leaf-a':
        specifier: workspace:*
        version: link:../leaf-a
      '@copy-repro/leaf-b':
        specifier: workspace:*
        version: link:../leaf-b
      '@copy-repro/leaf-c':
        specifier: workspace:*
        version: link:../leaf-c

  packages/branch-b:
    dependencies:
      '@copy-repro/leaf-a':
        specifier: workspace:*
        version: link:../leaf-a
      '@copy-repro/leaf-b':
        specifier: workspace:*
        version: link:../leaf-b
      '@copy-repro/leaf-c':
        specifier: workspace:*
        version: link:../leaf-c

  packages/branch-c:
    dependencies:
      '@copy-repro/leaf-a':
        specifier: workspace:*
        version: link:../leaf-a
      '@copy-repro/leaf-b':
        specifier: workspace:*
        version: link:../leaf-b
      '@copy-repro/leaf-c':
        specifier: workspace:*
        version: link:../leaf-c

  packages/fanout-a:
    dependencies:
      '@copy-repro/relay-a':
        specifier: workspace:*
        version: link:../relay-a
      '@copy-repro/relay-b':
        specifier: workspace:*
        version: link:../relay-b
      '@copy-repro/relay-c':
        specifier: workspace:*
        version: link:../relay-c
      '@copy-repro/relay-d':
        specifier: workspace:*
        version: link:../relay-d

  packages/fanout-b:
    dependencies:
      '@copy-repro/relay-a':
        specifier: workspace:*
        version: link:../relay-a
      '@copy-repro/relay-b':
        specifier: workspace:*
        version: link:../relay-b
      '@copy-repro/relay-c':
        specifier: workspace:*
        version: link:../relay-c
      '@copy-repro/relay-d':
        specifier: workspace:*
        version: link:../relay-d

  packages/fanout-c:
    dependencies:
      '@copy-repro/relay-a':
        specifier: workspace:*
        version: link:../relay-a
      '@copy-repro/relay-b':
        specifier: workspace:*
        version: link:../relay-b
      '@copy-repro/relay-c':
        specifier: workspace:*
        version: link:../relay-c
      '@copy-repro/relay-d':
        specifier: workspace:*
        version: link:../relay-d

  packages/fanout-d:
    dependencies:
      '@copy-repro/relay-a':
        specifier: workspace:*
        version: link:../relay-a
      '@copy-repro/relay-b':
        specifier: workspace:*
        version: link:../relay-b
      '@copy-repro/relay-c':
        specifier: workspace:*
        version: link:../relay-c
      '@copy-repro/relay-d':
        specifier: workspace:*
        version: link:../relay-d

  packages/leaf-a:
    dependencies:
      '@fluentui/react-icons':
        specifier: 2.0.332
        version: 2.0.332(react@18.3.1)
      react:
        specifier: 18.3.1
        version: 18.3.1

  packages/leaf-b:
    dependencies:
      '@fluentui/react-icons':
        specifier: 2.0.332
        version: 2.0.332(react@18.3.1)
      react:
        specifier: 18.3.1
        version: 18.3.1

  packages/leaf-c:
    dependencies:
      '@fluentui/react-icons':
        specifier: 2.0.332
        version: 2.0.332(react@18.3.1)
      react:
        specifier: 18.3.1
        version: 18.3.1

  packages/relay-a:
    dependencies:
      '@copy-repro/branch-a':
        specifier: workspace:*
        version: link:../branch-a
      '@copy-repro/branch-b':
        specifier: workspace:*
        version: link:../branch-b
      '@copy-repro/branch-c':
        specifier: workspace:*
        version: link:../branch-c

  packages/relay-b:
    dependencies:
      '@copy-repro/branch-a':
        specifier: workspace:*
        version: link:../branch-a
      '@copy-repro/branch-b':
        specifier: workspace:*
        version: link:../branch-b
      '@copy-repro/branch-c':
        specifier: workspace:*
        version: link:../branch-c

  packages/relay-c:
    dependencies:
      '@copy-repro/branch-a':
        specifier: workspace:*
        version: link:../branch-a
      '@copy-repro/branch-b':
        specifier: workspace:*
        version: link:../branch-b
      '@copy-repro/branch-c':
        specifier: workspace:*
        version: link:../branch-c

  packages/relay-d:
    dependencies:
      '@copy-repro/branch-a':
        specifier: workspace:*
        version: link:../branch-a
      '@copy-repro/branch-b':
        specifier: workspace:*
        version: link:../branch-b
      '@copy-repro/branch-c':
        specifier: workspace:*
        version: link:../branch-c

  test-app:
    dependencies:
      '@copy-repro/fanout-a':
        specifier: workspace:*
        version: link:../packages/fanout-a
      '@copy-repro/fanout-b':
        specifier: workspace:*
        version: link:../packages/fanout-b
      '@copy-repro/fanout-c':
        specifier: workspace:*
        version: link:../packages/fanout-c
      '@copy-repro/fanout-d':
        specifier: workspace:*
        version: link:../packages/fanout-d
      '@rspack/cli':
        specifier: 2.1.10
        version: 2.1.10(@rspack/core@2.1.10(@swc/helpers@0.5.23))
      '@rspack/core':
        specifier: 2.1.10
        version: 2.1.10(@swc/helpers@0.5.23)

packages:

  '@babel/runtime@7.29.7':
    resolution: {integrity: sha512-Nq8OhGWiZIZGV6hLHoyAKLLcJihP/xFeBMGJoUrxTX2psI8dCifzLhZISFb+VWS3wFMRDmCGw5R+dOySCqPLhw==}
    engines: {node: '>=6.9.0'}

  '@emnapi/core@1.11.3':
    resolution: {integrity: sha512-zLpS5asjEb7lq8jYLq37N6XKaE41DIexlY1rF/z4/tIl3wo13Sqm28fRyfIsKZD+NZ8mM5RoKkpW/rBcuoSZSg==}

  '@emnapi/runtime@1.11.3':
    resolution: {integrity: sha512-Xz4Tpyki7XyrpbUK1jR1AhdAdaXyhhY4lZ3neLodmhpuWfy2PAQN5B46sAiU4liOXGLkHypn/qU+jvfWSCYYLA==}

  '@emnapi/wasi-threads@1.2.3':
    resolution: {integrity: sha512-ELEBe8PsLvvJ6QMr0zLt8ffvOHW/dc1m3CEzNMg7aJUv3bMaoDtw2TXyDAwkYBuroxxuHEwhRTLJSe5sya547g==}

  '@emotion/hash@0.9.2':
    resolution: {integrity: sha512-MyqliTZGuOm3+5ZRSaaBGP3USLw6+EGykkwZns2EPC5g8jJ4z9OrdZY9apkl3+UP9+sdz76YYkwCKP5gh8iY3g==}

  '@fluentui/react-icons@2.0.332':
    resolution: {integrity: sha512-PxVua3X164DjoKqkgFUAs+MoCoL4sOGs+KnGKsoizV+jCe16yuZavPxhN8PCkDcAe7XrT4iCJCexOOqMcM4uBA==}
    peerDependencies:
      react: '>=16.8.0 <20.0.0'

  '@griffel/core@1.21.3':
    resolution: {integrity: sha512-FMnlwhtmCRWvXEg2j/6W90wzvW+PFqdrsWFslfmxwS6l9X73gO0dnndKphht9ZOsJODvmLdqlnU1Lh8igg2mKw==}

  '@griffel/react@1.7.7':
    resolution: {integrity: sha512-XNBfZTgyOJOn1Buk70q4DgtwsQt71yH6R34lleImLVhvcIANP1yim86qLBnQSP03eQFXV5wgSmUVPxRUpdvYhg==}
    peerDependencies:
      react: '>=16.14.0 <20.0.0'

  '@griffel/style-types@1.4.2':
    resolution: {integrity: sha512-MsSghfpyxR2MpTrYdcCozISsSLkmFjNw94wNPi4bDBRLW8W43718W/ZjmUdVkoM0KXMtJPYuEkx8Mzibqb03qA==}

  '@napi-rs/wasm-runtime@1.1.6':
    resolution: {integrity: sha512-ZLv/JdUfkvOy9eCnnBaGfiO+XimbjebAeO+MRQqD/B+FR1tnRN0tpKSJHRbE8sFfS6aqsXZ67TQjfwfsxULVbg==}
    peerDependencies:
      '@emnapi/core': ^1.7.1
      '@emnapi/runtime': ^1.7.1

  '@rspack/binding-darwin-arm64@2.1.10':
    resolution: {integrity: sha512-DZlcTpbIb2mjeS1aSG4k01UH33Zj7T+k8ZylPK6HmsKs4JvK4wgpWFC78WVv3p/Aj3MZS6DwtDLwpZ2Ihj/fpg==}
    cpu: [arm64]
    os: [darwin]

  '@rspack/binding-darwin-x64@2.1.10':
    resolution: {integrity: sha512-my/0h2LwxCRT6cg3oDDC2e0ZOxQLVajAdIcv0fqnQk5JRNvVuL89PuTutitnSqie1A0/JSL8OQz5XHwmoS3kow==}
    cpu: [x64]
    os: [darwin]

  '@rspack/binding-linux-arm64-gnu@2.1.10':
    resolution: {integrity: sha512-laevn9g+E5PAUEGqiKe6Ju5KApsuQYp+bPI17XS3Lkl8eqL5pS/BmHYU7QMlst4GzV8+wlruVTMh//+st6Vqzg==}
    cpu: [arm64]
    os: [linux]
    libc: [glibc]

  '@rspack/binding-linux-arm64-musl@2.1.10':
    resolution: {integrity: sha512-V71+Qz5G72+ROZXrJn5zxOszdG1AEbO8pcC/itXXtf4yRR6a3bVHKNKGhipBNxb8eI6cnD/01FH1h3ZG655jLw==}
    cpu: [arm64]
    os: [linux]
    libc: [musl]

  '@rspack/binding-linux-ppc64-gnu@2.1.10':
    resolution: {integrity: sha512-U7HlNzHcDtZ+LYOtOJmtx67kHEybZzUUAaP7aEXjGYO5WTCgh/176sW2UYP0rmZLrgUNFUuzn+B98RLaClNaVg==}
    cpu: [ppc64]
    os: [linux]
    libc: [glibc]

  '@rspack/binding-linux-riscv64-gnu@2.1.10':
    resolution: {integrity: sha512-GMGTJpy9/ecE+5F5IfxZH4bXv0Wx/b2TiehTlCbTksbL+pKpLHYy0rwGdjWDKbmBkhxMMqPiC7PDnn9LbdnnLA==}
    cpu: [riscv64]
    os: [linux]
    libc: [glibc]

  '@rspack/binding-linux-riscv64-musl@2.1.10':
    resolution: {integrity: sha512-rkurnAWc04vIbzG1QCrPBWSJadZvaOt1mazFH3EdiJO8VUiu0I1T9zdiwuDOPrd50lOKIZlcTXbd5aaAkWEnvQ==}
    cpu: [riscv64]
    os: [linux]
    libc: [musl]

  '@rspack/binding-linux-s390x-gnu@2.1.10':
    resolution: {integrity: sha512-X+DyxkriZEAF/wihI7ERDv+CAS0mbMv36aEuQ+vXzTlvS6cSmpou/r29AHbvIF3NlG1UeAbDVlOs9QrMBZjpUQ==}
    cpu: [s390x]
    os: [linux]
    libc: [glibc]

  '@rspack/binding-linux-x64-gnu@2.1.10':
    resolution: {integrity: sha512-Fat09V6jUuyo9qG7Wyj9cQ31VDfLmokXyBtGqKxY5OvSWHereB7QUub5btbPXHwbp6Iq4aAQyUbbLTzvR1YaBw==}
    cpu: [x64]
    os: [linux]
    libc: [glibc]

  '@rspack/binding-linux-x64-musl@2.1.10':
    resolution: {integrity: sha512-lhHOnIJ4ClpIlA1f1L8aoxEZivYLjnjq5A6jKKz7BKsm+cHK8kqqEm6lO5KqA5xQT0Lonq1o28bmKHEj6JHInw==}
    cpu: [x64]
    os: [linux]
    libc: [musl]

  '@rspack/binding-wasm32-wasi@2.1.10':
    resolution: {integrity: sha512-KY5YbWbuvYcoaLXnV+vzZOvGRCeb6jt4EpVpKdph1h1IJjwX/ju15EQ+GOe3iecZEdf0OttQcNVcwBkLkFT9ag==}
    cpu: [wasm32]

  '@rspack/binding-win32-arm64-msvc@2.1.10':
    resolution: {integrity: sha512-z4GWzMLofaDGpAt9Z+MlN88LlUBDm+zM6R2GdOOPM6/4g/h3/+47OP7casmSL3AwTGYBEJqogwt08sRSosB6Cg==}
    cpu: [arm64]
    os: [win32]

  '@rspack/binding-win32-ia32-msvc@2.1.10':
    resolution: {integrity: sha512-7qcWdsZ+GuGtzKjqgy7wTN7Dso/ezIY8yhx1r2yIbcczdmXj4FhaEampMDp/25HwtKwIGBBoh6HHSt3JWxpTUg==}
    cpu: [ia32]
    os: [win32]

  '@rspack/binding-win32-x64-msvc@2.1.10':
    resolution: {integrity: sha512-pgp23pLrzfhGnKycxzr7ifP17lAbWZEfnx1bX8gXtYrnpJ66DRNyTKSzxB6sa/HBWjS1L8PX5TjMZ44WfPydqQ==}
    cpu: [x64]
    os: [win32]

  '@rspack/binding@2.1.10':
    resolution: {integrity: sha512-vnu/UP5HnrND15lO9+VeG6eUrbTyycHNQNQ3XEiRiFojuoiGZkIZC3Hbzr8qQH44C6vScPODEPvvIVvLcO2LpQ==}

  '@rspack/cli@2.1.10':
    resolution: {integrity: sha512-qkuQQ3PzD2sTS2tBAWyWNeOeZmPxRBzB+eNDBhCZmbm8DoMPujW2VQj0k9CulrkBq9sBxU8fQ+5Z/ELzbz5S8g==}
    hasBin: true
    peerDependencies:
      '@rspack/core': ^2.0.0-0
      '@rspack/dev-server': ^2.0.0-0
    peerDependenciesMeta:
      '@rspack/dev-server':
        optional: true

  '@rspack/core@2.1.10':
    resolution: {integrity: sha512-YSS2/Xxz8uiG/KXDkqOoA3dTetNo/vysk7bAexQOrU8iuq7JuzDTTAwLKvWZnwmvME8M8m5wcM4YvfIwYmidHA==}
    engines: {node: ^20.19.0 || >=22.12.0}
    peerDependencies:
      '@module-federation/runtime-tools': ^0.24.1 || ^2.0.0
      '@swc/helpers': ^0.5.23
    peerDependenciesMeta:
      '@module-federation/runtime-tools':
        optional: true
      '@swc/helpers':
        optional: true

  '@swc/helpers@0.5.23':
    resolution: {integrity: sha512-5lSsMOTXURePglDfvuAQUqkGek9Hg2kksOYay2m0+XR++b2NWYL/4sWyuvVBIs8oKnJaxkdi9whaL/sqN13afw==}

  '@tybys/wasm-util@0.10.3':
    resolution: {integrity: sha512-F3fo1MYrRJYL3zER0OUOmkutjr1Vp23m7OsSgp7nq4SP6OqX6C/56XFIPAl5bt3zaBRjmW7SGz3u/6LwFpYcOg==}

  csstype@3.2.3:
    resolution: {integrity: sha512-z1HGKcYy2xA8AGQfwrn0PAy+PB7X/GSj3UVJW9qKyn43xWa+gl5nXmU4qqLMRzWVLFC8KusUX8T/0kCiOYpAIQ==}

  js-tokens@4.0.0:
    resolution: {integrity: sha512-RdJUflcE3cUzKiMqQgsCu06FPu9UdIJO0beYbPhHN4k6apgJtifcoCtT9bcxOpYBtpD2kCM6Sbzg4CausW/PKQ==}

  loose-envify@1.4.0:
    resolution: {integrity: sha512-lyuxPGr/Wfhrlem2CL/UcnUc1zcqKAImBDzukY7Y5F/yQiNdko6+fRLevlw1HgMySw7f611UIY408EtxRSoK3Q==}
    hasBin: true

  react@18.3.1:
    resolution: {integrity: sha512-wS+hAgJShR0KhEvPJArfuPVN1+Hz1t0Y6n5jLrGQbkb4urgPE/0Rve+1kMB1v/oWgHgm4WIcV+i7F2pTVj+2iQ==}
    engines: {node: '>=0.10.0'}

  rtl-css-js@1.16.1:
    resolution: {integrity: sha512-lRQgou1mu19e+Ya0LsTvKrVJ5TYUbqCVPAiImX3UfLTenarvPUl1QFdvu5Z3PYmHT9RCcwIfbjRQBntExyj3Zg==}

  stylis@4.4.0:
    resolution: {integrity: sha512-5Z9ZpRzfuH6l/UAvCPAPUo3665Nk2wLaZU3x+TLHKVzIz33+sbJqbtrYoC3KD4/uVOr2Zp+L0LySezP9OHV9yA==}

  tslib@2.8.1:
    resolution: {integrity: sha512-oJFu94HQb+KVduSUQL7wnpmqnfmLsOA/nAh6b6EH0wCEoK0/mPeXU6c3wKDV83MkOuHPRHtSXKKU99IBazS/2w==}

snapshots:

  '@babel/runtime@7.29.7': {}

  '@emnapi/core@1.11.3':
    dependencies:
      '@emnapi/wasi-threads': 1.2.3
      tslib: 2.8.1
    optional: true

  '@emnapi/runtime@1.11.3':
    dependencies:
      tslib: 2.8.1
    optional: true

  '@emnapi/wasi-threads@1.2.3':
    dependencies:
      tslib: 2.8.1
    optional: true

  '@emotion/hash@0.9.2': {}

  '@fluentui/react-icons@2.0.332(react@18.3.1)':
    dependencies:
      '@griffel/react': 1.7.7(react@18.3.1)
      react: 18.3.1
      tslib: 2.8.1

  '@griffel/core@1.21.3':
    dependencies:
      '@emotion/hash': 0.9.2
      '@griffel/style-types': 1.4.2
      csstype: 3.2.3
      rtl-css-js: 1.16.1
      stylis: 4.4.0
      tslib: 2.8.1

  '@griffel/react@1.7.7(react@18.3.1)':
    dependencies:
      '@griffel/core': 1.21.3
      react: 18.3.1
      tslib: 2.8.1

  '@griffel/style-types@1.4.2':
    dependencies:
      csstype: 3.2.3

  '@napi-rs/wasm-runtime@1.1.6(@emnapi/core@1.11.3)(@emnapi/runtime@1.11.3)':
    dependencies:
      '@emnapi/core': 1.11.3
      '@emnapi/runtime': 1.11.3
      '@tybys/wasm-util': 0.10.3
    optional: true

  '@rspack/binding-darwin-arm64@2.1.10':
    optional: true

  '@rspack/binding-darwin-x64@2.1.10':
    optional: true

  '@rspack/binding-linux-arm64-gnu@2.1.10':
    optional: true

  '@rspack/binding-linux-arm64-musl@2.1.10':
    optional: true

  '@rspack/binding-linux-ppc64-gnu@2.1.10':
    optional: true

  '@rspack/binding-linux-riscv64-gnu@2.1.10':
    optional: true

  '@rspack/binding-linux-riscv64-musl@2.1.10':
    optional: true

  '@rspack/binding-linux-s390x-gnu@2.1.10':
    optional: true

  '@rspack/binding-linux-x64-gnu@2.1.10':
    optional: true

  '@rspack/binding-linux-x64-musl@2.1.10':
    optional: true

  '@rspack/binding-wasm32-wasi@2.1.10':
    dependencies:
      '@emnapi/core': 1.11.3
      '@emnapi/runtime': 1.11.3
      '@napi-rs/wasm-runtime': 1.1.6(@emnapi/core@1.11.3)(@emnapi/runtime@1.11.3)
    optional: true

  '@rspack/binding-win32-arm64-msvc@2.1.10':
    optional: true

  '@rspack/binding-win32-ia32-msvc@2.1.10':
    optional: true

  '@rspack/binding-win32-x64-msvc@2.1.10':
    optional: true

  '@rspack/binding@2.1.10':
    optionalDependencies:
      '@rspack/binding-darwin-arm64': 2.1.10
      '@rspack/binding-darwin-x64': 2.1.10
      '@rspack/binding-linux-arm64-gnu': 2.1.10
      '@rspack/binding-linux-arm64-musl': 2.1.10
      '@rspack/binding-linux-ppc64-gnu': 2.1.10
      '@rspack/binding-linux-riscv64-gnu': 2.1.10
      '@rspack/binding-linux-riscv64-musl': 2.1.10
      '@rspack/binding-linux-s390x-gnu': 2.1.10
      '@rspack/binding-linux-x64-gnu': 2.1.10
      '@rspack/binding-linux-x64-musl': 2.1.10
      '@rspack/binding-wasm32-wasi': 2.1.10
      '@rspack/binding-win32-arm64-msvc': 2.1.10
      '@rspack/binding-win32-ia32-msvc': 2.1.10
      '@rspack/binding-win32-x64-msvc': 2.1.10

  '@rspack/cli@2.1.10(@rspack/core@2.1.10(@swc/helpers@0.5.23))':
    dependencies:
      '@rspack/core': 2.1.10(@swc/helpers@0.5.23)

  '@rspack/core@2.1.10(@swc/helpers@0.5.23)':
    dependencies:
      '@rspack/binding': 2.1.10
    optionalDependencies:
      '@swc/helpers': 0.5.23

  '@swc/helpers@0.5.23':
    dependencies:
      tslib: 2.8.1
    optional: true

  '@tybys/wasm-util@0.10.3':
    dependencies:
      tslib: 2.8.1
    optional: true

  csstype@3.2.3: {}

  js-tokens@4.0.0: {}

  loose-envify@1.4.0:
    dependencies:
      js-tokens: 4.0.0

  react@18.3.1:
    dependencies:
      loose-envify: 1.4.0

  rtl-css-js@1.16.1:
    dependencies:
      '@babel/runtime': 7.29.7

  stylis@4.4.0: {}

  tslib@2.8.1: {}
